{
  "name": "tushirikiane",
  "lockfileVersion": 3,
  "requires": true,
  "packages": {
    "": {
      "dependencies": {
        "@types/lodash.throttle": "^4.1.9",
        "lodash.throttle": "^4.1.1"
      }
    },
    "node_modules/@types/lodash": {
      "version": "4.17.16",
      "resolved": "https://registry.npmjs.org/@types/lodash/-/lodash-4.17.16.tgz",
      "integrity": "sha512-HX7Em5NYQAXKW+1T+FiuG27NGwzJfCX3s1GjOa7ujxZa52kjJLOr4FUxT+giF6Tgxv1e+/czV/iTtBw27WTU9g=="
    },
    "node_modules/@types/lodash.throttle": {
      "version": "4.1.9",
      "resolved": "https://registry.npmjs.org/@types/lodash.throttle/-/lodash.throttle-4.1.9.tgz",
      "integrity": "sha512-PCPVfpfueguWZQB7pJQK890F2scYKoDUL3iM522AptHWn7d5NQmeS/LTEHIcLr5PaTzl3dK2Z0xSUHHTHwaL5g==",
      "dependencies": {
        "@types/lodash": "*"
      }
    },
    "node_modules/lodash.throttle": {
      "version": "4.1.1",
      "resolved": "https://registry.npmjs.org/lodash.throttle/-/lodash.throttle-4.1.1.tgz",
      "integrity": "sha512-wIkUCfVKpVsWo3JSZlc+8MB5it+2AN5W8J7YVMST30UrvcQNZ1Okbj+rbVniijTWE6FGYy4XJq/rHkas8qJMLQ=="
    }
  }
}
